
Microsoft Visual Studio Solution File, Format Version 12.00
# Visual Studio 15
VisualStudioVersion = 15.0.27130.2026
MinimumVisualStudioVersion = 10.0.40219.1
Project("{FAE04EC0-301F-11D3-BF4B-00C04F79EFBC}") = "Data types and variables", "Data types and variables\Data types and variables.csproj", "{0B7CFE97-3B7A-4F23-984F-6589F78A56BD}"
EndProject
Project("{FAE04EC0-301F-11D3-BF4B-00C04F79EFBC}") = "Exchange Values Values", "Exchange Values Values\Exchange Values Values.csproj", "{D92DEDE9-808F-4D6A-84E0-88A80E6D94B3}"
EndProject
Project("{FAE04EC0-301F-11D3-BF4B-00C04F79EFBC}") = "Integer division of integers", "Integer division of integers\Integer division of integers.csproj", "{08F21F42-8083-44E8-B27F-81FC1236F753}"
EndProject
Project("{FAE04EC0-301F-11D3-BF4B-00C04F79EFBC}") = "Speed conversion", "Speed conversion\Speed conversion.csproj", "{3ED3035F-16DB-47AA-A05A-AC2251550266}"
EndProject
Global
	GlobalSection(SolutionConfigurationPlatforms) = preSolution
		Debug|Any CPU = Debug|Any CPU
		Release|Any CPU = Release|Any CPU
	EndGlobalSection
	GlobalSection(ProjectConfigurationPlatforms) = postSolution
		{0B7CFE97-3B7A-4F23-984F-6589F78A56BD}.Debug|Any CPU.ActiveCfg = Debug|Any CPU
		{0B7CFE97-3B7A-4F23-984F-6589F78A56BD}.Debug|Any CPU.Build.0 = Debug|Any CPU
		{0B7CFE97-3B7A-4F23-984F-6589F78A56BD}.Release|Any CPU.ActiveCfg = Release|Any CPU
		{0B7CFE97-3B7A-4F23-984F-6589F78A56BD}.Release|Any CPU.Build.0 = Release|Any CPU
		{D92DEDE9-808F-4D6A-84E0-88A80E6D94B3}.Debug|Any CPU.ActiveCfg = Debug|Any CPU
		{D92DEDE9-808F-4D6A-84E0-88A80E6D94B3}.Debug|Any CPU.Build.0 = Debug|Any CPU
		{D92DEDE9-808F-4D6A-84E0-88A80E6D94B3}.Release|Any CPU.ActiveCfg = Release|Any CPU
		{D92DEDE9-808F-4D6A-84E0-88A80E6D94B3}.Release|Any CPU.Build.0 = Release|Any CPU
		{08F21F42-8083-44E8-B27F-81FC1236F753}.Debug|Any CPU.ActiveCfg = Debug|Any CPU
		{08F21F42-8083-44E8-B27F-81FC1236F753}.Debug|Any CPU.Build.0 = Debug|Any CPU
		{08F21F42-8083-44E8-B27F-81FC1236F753}.Release|Any CPU.ActiveCfg = Release|Any CPU
		{08F21F42-8083-44E8-B27F-81FC1236F753}.Release|Any CPU.Build.0 = Release|Any CPU
		{3ED3035F-16DB-47AA-A05A-AC2251550266}.Debug|Any CPU.ActiveCfg = Debug|Any CPU
		{3ED3035F-16DB-47AA-A05A-AC2251550266}.Debug|Any CPU.Build.0 = Debug|Any CPU
		{3ED3035F-16DB-47AA-A05A-AC2251550266}.Release|Any CPU.ActiveCfg = Release|Any CPU
		{3ED3035F-16DB-47AA-A05A-AC2251550266}.Release|Any CPU.Build.0 = Release|Any CPU
	EndGlobalSection
	GlobalSection(SolutionProperties) = preSolution
		HideSolutionNode = FALSE
	EndGlobalSection
	GlobalSection(ExtensibilityGlobals) = postSolution
		SolutionGuid = {B408B8F3-9965-46B4-8426-76D3BF79D340}
	EndGlobalSection
EndGlobal
